// !$*UTF8*$!
{
	archiveVersion = 1;
	classes = {
	};
	objectVersion = 46;
	objects = {

/* Begin PBXBuildFile section */
		72D4A2F91E66707000E676A2 /* AdmoreSDKDeepLink.m in Sources */ = {isa = PBXBuildFile; fileRef = 72D4A2F81E66707000E676A2 /* AdmoreSDKDeepLink.m */; };
/* End PBXBuildFile section */

/* Begin PBXCopyFilesBuildPhase section */
		72D4A2E91E66704F00E676A2 /* CopyFiles */ = {
			isa = PBXCopyFilesBuildPhase;
			buildActionMask = 2147483647;
			dstPath = "include/$(PRODUCT_NAME)";
			dstSubfolderSpec = 16;
			files = (
			);
			runOnlyForDeploymentPostprocessing = 0;
		};
/* End PBXCopyFilesBuildPhase section */

/* Begin PBXFileReference section */
		72D4A2EB1E66704F00E676A2 /* libAdmoreDeepLink.a */ = {isa = PBXFileReference; explicitFileType = archive.ar; includeInIndex = 0; path = libAdmoreDeepLink.a; sourceTree = BUILT_PRODUCTS_DIR; };
		72D4A2F71E66707000E676A2 /* AdmoreSDKDeepLink.h */ = {isa = PBXFileReference; fileEncoding = 4; lastKnownFileType = sourcecode.c.h; name = AdmoreSDKDeepLink.h; path = ../../AdmoreSDKDeepLink/Classes/AdmoreSDKDeepLink.h; sourceTree = "<group>"; };
		72D4A2F81E66707000E676A2 /* AdmoreSDKDeepLink.m */ = {isa = PBXFileReference; fileEncoding = 4; lastKnownFileType = sourcecode.c.objc; name = AdmoreSDKDeepLink.m; path = ../../AdmoreSDKDeepLink/Classes/AdmoreSDKDeepLink.m; sourceTree = "<group>"; };
/* End PBXFileReference section */

/* Begin PBXFrameworksBuildPhase section */
		72D4A2E81E66704F00E676A2 /* Frameworks */ = {
			isa = PBXFrameworksBuildPhase;
			buildActionMask = 2147483647;
			files = (
			);
			runOnlyForDeploymentPostprocessing = 0;
		};
/* End PBXFrameworksBuildPhase section */

/* Begin PBXGroup section */
		72D4A2E21E66704F00E676A2 = {
			isa = PBXGroup;
			children = (
				72D4A2ED1E66704F00E676A2 /* AdmoreDeepLink */,
				72D4A2EC1E66704F00E676A2 /* Products */,
			);
			sourceTree = "<group>";
		};
		72D4A2EC1E66704F00E676A2 /* Products */ = {
			isa = PBXGroup;
			children = (
				72D4A2EB1E66704F00E676A2 /* libAdmoreDeepLink.a */,
			);
			name = Products;
			sourceTree = "<group>";
		};
		72D4A2ED1E66704F00E676A2 /* AdmoreDeepLink */ = {
			isa = PBXGroup;
			children = (
				72D4A2F71E66707000E676A2 /* AdmoreSDKDeepLink.h */,
				72D4A2F81E66707000E676A2 /* AdmoreSDKDeepLink.m */,
			);
			path = AdmoreDeepLink;
			sourceTree = "<group>";
		};
/* End PBXGroup section */

/* Begin PBXNativeTarget section */
		72D4A2EA1E66704F00E676A2 /* AdmoreDeepLink */ = {
			isa = PBXNativeTarget;
			buildConfigurationList = 72D4A2F41E66704F00E676A2 /* Build configuration list for PBXNativeTarget "AdmoreDeepLink" */;
			buildPhases = (
				72D4A2E71E66704F00E676A2 /* Sources */,
				72D4A2E81E66704F00E676A2 /* Frameworks */,
				72D4A2E91E66704F00E676A2 /* CopyFiles */,
			);
			buildRules = (
			);
			dependencies = (
			);
			name = AdmoreDeepLink;
			productName = AdmoreDeepLink;
			productReference = 72D4A2EB1E66704F00E676A2 /* libAdmoreDeepLink.a */;
			productType = "com.apple.product-type.library.static";
		};
/* End PBXNativeTarget section */

/* Begin PBXProject section */
		72D4A2E31E66704F00E676A2 /* Project object */ = {
			isa = PBXProject;
			attributes = {
				LastUpgradeCheck = 0820;
				ORGANIZATIONNAME = mkoo;
				TargetAttributes = {
					72D4A2EA1E66704F00E676A2 = {
						CreatedOnToolsVersion = 8.2.1;
						DevelopmentTeam = FXLVSE69QX;
						ProvisioningStyle = Automatic;
					};
				};
			};
			buildConfigurationList = 72D4A2E61E66704F00E676A2 /* Build configuration list for PBXProject "AdmoreDeepLink" */;
			compatibilityVersion = "Xcode 3.2";
			developmentRegion = English;
			hasScannedForEncodings = 0;
			knownRegions = (
				en,
			);
			mainGroup = 72D4A2E21E66704F00E676A2;
			productRefGroup = 72D4A2EC1E66704F00E676A2 /* Products */;
			projectDirPath = "";
			projectRoot = "";
			targets = (
				72D4A2EA1E66704F00E676A2 /* AdmoreDeepLink */,
			);
		};
/* End PBXProject section */

/* Begin PBXSourcesBuildPhase section */
		72D4A2E71E66704F00E676A2 /* Sources */ = {
			isa = PBXSourcesBuildPhase;
			buildActionMask = 2147483647;
			files = (
				72D4A2F91E66707000E676A2 /* AdmoreSDKDeepLink.m in Sources */,
			);
			runOnlyForDeploymentPostprocessing = 0;
		};
/* End PBXSourcesBuildPhase section */

/* Begin XCBuildConfiguration section */
		72D4A2F21E66704F00E676A2 /* Debug */ = {
			isa = XCBuildConfiguration;
			buildSettings = {
				ALWAYS_SEARCH_USER_PATHS = NO;
				CLANG_ANALYZER_NONNULL = YES;
				CLANG_CXX_LANGUAGE_STANDARD = "gnu++0x";
				CLANG_CXX_LIBRARY = "libc++";
				CLANG_ENABLE_MODULES = YES;
				CLANG_ENABLE_OBJC_ARC = YES;
				CLANG_WARN_BOOL_CONVERSION = YES;
				CLANG_WARN_CONSTANT_CONVERSION = YES;
				CLANG_WARN_DIRECT_OBJC_ISA_USAGE = YES_ERROR;
				CLANG_WARN_DOCUMENTATION_COMMENTS = YES;
				CLANG_WARN_EMPTY_BODY = YES;
				CLANG_WARN_ENUM_CONVERSION = YES;
				CLANG_WARN_INFINITE_RECURSION = YES;
				CLANG_WARN_INT_CONVERSION = YES;
				CLANG_WARN_OBJC_ROOT_CLASS = YES_ERROR;
				CLANG_WARN_SUSPICIOUS_MOVE = YES;
				CLANG_WARN_UNREACHABLE_CODE = YES;
				CLANG_WARN__DUPLICATE_METHOD_MATCH = YES;
				"CODE_SIGN_IDENTITY[sdk=iphoneos*]" = "iPhone Developer";
				COPY_PHASE_STRIP = NO;
				DEBUG_INFORMATION_FORMAT = dwarf;
				ENABLE_STRICT_OBJC_MSGSEND = YES;
				ENABLE_TESTABILITY = YES;
				GCC_C_LANGUAGE_STANDARD = gnu99;
				GCC_DYNAMIC_NO_PIC = NO;
				GCC_NO_COMMON_BLOCKS = YES;
				GCC_OPTIMIZATION_LEVEL = 0;
				GCC_PREPROCESSOR_DEFINITIONS = (
					"DEBUG=1",
					"$(inherited)",
				);
				GCC_WARN_64_TO_32_BIT_CONVERSION = YES;
				GCC_WARN_ABOUT_RETURN_TYPE = YES_ERROR;
				GCC_WARN_UNDECLARED_SELECTOR = YES;
				GCC_WARN_UNINITIALIZED_AUTOS = YES_AGGRESSIVE;
				GCC_WARN_UNUSED_FUNCTION = YES;
				GCC_WARN_UNUSED_VARIABLE = YES;
				IPHONEOS_DEPLOYMENT_TARGET = 10.2;
				MTL_ENABLE_DEBUG_INFO = YES;
				ONLY_ACTIVE_ARCH = YES;
				SDKROOT = iphoneos;
			};
			name = Debug;
		};
		72D4A2F31E66704F00E676A2 /* Release */ = {
			isa = XCBuildConfiguration;
			buildSettings = {
				ALWAYS_SEARCH_USER_PATHS = NO;
				CLANG_ANALYZER_NONNULL = YES;
				CLANG_CXX_LANGUAGE_STANDARD = "gnu++0x";
				CLANG_CXX_LIBRARY = "libc++";
				CLANG_ENABLE_MODULES = YES;
				CLANG_ENABLE_OBJC_ARC = YES;
				CLANG_WARN_BOOL_CONVERSION = YES;
				CLANG_WARN_CONSTANT_CONVERSION = YES;
				CLANG_WARN_DIRECT_OBJC_ISA_USAGE = YES_ERROR;
				CLANG_WARN_DOCUMENTATION_COMMENTS = YES;
				CLANG_WARN_EMPTY_BODY = YES;
				CLANG_WARN_ENUM_CONVERSION = YES;
				CLANG_WARN_INFINITE_RECURSION = YES;
				CLANG_WARN_INT_CONVERSION = YES;
				CLANG_WARN_OBJC_ROOT_CLASS = YES_ERROR;
				CLANG_WARN_SUSPICIOUS_MOVE = YES;
				CLANG_WARN_UNREACHABLE_CODE = YES;
				CLANG_WARN__DUPLICATE_METHOD_MATCH = YES;
				"CODE_SIGN_IDENTITY[sdk=iphoneos*]" = "iPhone Developer";
				COPY_PHASE_STRIP = NO;
				DEBUG_INFORMATION_FORMAT = "dwarf-with-dsym";
				ENABLE_NS_ASSERTIONS = NO;
				ENABLE_STRICT_OBJC_MSGSEND = YES;
				GCC_C_LANGUAGE_STANDARD = gnu99;
				GCC_NO_COMMON_BLOCKS = YES;
				GCC_WARN_64_TO_32_BIT_CONVERSION = YES;
				GCC_WARN_ABOUT_RETURN_TYPE = YES_ERROR;
				GCC_WARN_UNDECLARED_SELECTOR = YES;
				GCC_WARN_UNINITIALIZED_AUTOS = YES_AGGRESSIVE;
				GCC_WARN_UNUSED_FUNCTION = YES;
				GCC_WARN_UNUSED_VARIABLE = YES;
				IPHONEOS_DEPLOYMENT_TARGET = 10.2;
				MTL_ENABLE_DEBUG_INFO = NO;
				SDKROOT = iphoneos;
				VALIDATE_PRODUCT = YES;
			};
			name = Release;
		};
		72D4A2F51E66704F00E676A2 /* Debug */ = {
			isa = XCBuildConfiguration;
			buildSettings = {
				DEVELOPMENT_TEAM = FXLVSE69QX;
				OTHER_LDFLAGS = "-ObjC";
				PRODUCT_NAME = "$(TARGET_NAME)";
				SKIP_INSTALL = YES;
			};
			name = Debug;
		};
		72D4A2F61E66704F00E676A2 /* Release */ = {
			isa = XCBuildConfiguration;
			buildSettings = {
				DEVELOPMENT_TEAM = FXLVSE69QX;
				OTHER_LDFLAGS = "-ObjC";
				PRODUCT_NAME = "$(TARGET_NAME)";
				SKIP_INSTALL = YES;
			};
			name = Release;
		};
/* End XCBuildConfiguration section */

/* Begin XCConfigurationList section */
		72D4A2E61E66704F00E676A2 /* Build configuration list for PBXProject "AdmoreDeepLink" */ = {
			isa = XCConfigurationList;
			buildConfigurations = (
				72D4A2F21E66704F00E676A2 /* Debug */,
				72D4A2F31E66704F00E676A2 /* Release */,
			);
			defaultConfigurationIsVisible = 0;
			defaultConfigurationName = Release;
		};
		72D4A2F41E66704F00E676A2 /* Build configuration list for PBXNativeTarget "AdmoreDeepLink" */ = {
			isa = XCConfigurationList;
			buildConfigurations = (
				72D4A2F51E66704F00E676A2 /* Debug */,
				72D4A2F61E66704F00E676A2 /* Release */,
			);
			defaultConfigurationIsVisible = 0;
		};
/* End XCConfigurationList section */
	};
	rootObject = 72D4A2E31E66704F00E676A2 /* Project object */;
}
